
Microsoft Visual Studio Solution File, Format Version 12.00
# Visual Studio Version 17
VisualStudioVersion = 17.3.32901.215
MinimumVisualStudioVersion = 10.0.40219.1
Project("{FAE04EC0-301F-11D3-BF4B-00C04F79EFBC}") = "form11", "form11\form11.csproj", "{D66DC259-5BC4-41B2-BAD6-2DF4C03EC2A8}"
EndProject
Global
	GlobalSection(SolutionConfigurationPlatforms) = preSolution
		Debug|Any CPU = Debug|Any CPU
		Release|Any CPU = Release|Any CPU
	EndGlobalSection
	GlobalSection(ProjectConfigurationPlatforms) = postSolution
		{D66DC259-5BC4-41B2-BAD6-2DF4C03EC2A8}.Debug|Any CPU.ActiveCfg = Debug|Any CPU
		{D66DC259-5BC4-41B2-BAD6-2DF4C03EC2A8}.Debug|Any CPU.Build.0 = Debug|Any CPU
		{D66DC259-5BC4-41B2-BAD6-2DF4C03EC2A8}.Release|Any CPU.ActiveCfg = Release|Any CPU
		{D66DC259-5BC4-41B2-BAD6-2DF4C03EC2A8}.Release|Any CPU.Build.0 = Release|Any CPU
	EndGlobalSection
	GlobalSection(SolutionProperties) = preSolution
		HideSolutionNode = FALSE
	EndGlobalSection
	GlobalSection(ExtensibilityGlobals) = postSolution
		SolutionGuid = {4CDDAC89-404D-4ADB-9214-6F53A811F6F8}
	EndGlobalSection
EndGlobal
